
Microsoft Visual Studio Solution File, Format Version 12.00
Project("{FAE04EC0-301F-11D3-BF4B-00C04F79EFBC}") = "KOLOK_2", "KOLOK_2\KOLOK_2.csproj", "{574D3DE5-EB27-4039-83B7-6BFFC1819739}"
EndProject
Global
	GlobalSection(SolutionConfigurationPlatforms) = preSolution
		Debug|Any CPU = Debug|Any CPU
		Release|Any CPU = Release|Any CPU
	EndGlobalSection
	GlobalSection(ProjectConfigurationPlatforms) = postSolution
		{574D3DE5-EB27-4039-83B7-6BFFC1819739}.Debug|Any CPU.ActiveCfg = Debug|Any CPU
		{574D3DE5-EB27-4039-83B7-6BFFC1819739}.Debug|Any CPU.Build.0 = Debug|Any CPU
		{574D3DE5-EB27-4039-83B7-6BFFC1819739}.Release|Any CPU.ActiveCfg = Release|Any CPU
		{574D3DE5-EB27-4039-83B7-6BFFC1819739}.Release|Any CPU.Build.0 = Release|Any CPU
	EndGlobalSection
EndGlobal
